
Microsoft Visual Studio Solution File, Format Version 12.00
# Visual Studio Version 17
VisualStudioVersion = 17.0.31919.166
MinimumVisualStudioVersion = 10.0.40219.1
Project("{9A19103F-16F7-4668-BE54-9A1E7A4F7556}") = "RetailTrade.Domain", "RetailTrade.Domain\RetailTrade.Domain.csproj", "{4A12F857-8E1C-4C44-A132-FBE08C68E5E3}"
EndProject
Project("{9A19103F-16F7-4668-BE54-9A1E7A4F7556}") = "RetailTrade.EntityFramework", "RetailTrade.EntityFramework\RetailTrade.EntityFramework.csproj", "{27C5BAC2-F917-4E1D-9D49-21B85988B2FE}"
EndProject
Project("{9A19103F-16F7-4668-BE54-9A1E7A4F7556}") = "RetailTradeServer", "RetailTradeServer\RetailTradeServer.csproj", "{FC90E58D-E250-496C-AA7C-7625A9FF7AF1}"
EndProject
Project("{9A19103F-16F7-4668-BE54-9A1E7A4F7556}") = "RetailTradeClient", "RetailTradeClient\RetailTradeClient.csproj", "{62502428-81B0-4FEE-A0AE-8C4F349A64C3}"
EndProject
Project("{9A19103F-16F7-4668-BE54-9A1E7A4F7556}") = "RetailTrade.CashRegisterMachine", "RetailTrade.CashRegisterMachine\RetailTrade.CashRegisterMachine.csproj", "{AC188347-A244-498D-94E9-3E573520AA73}"
EndProject
Project("{9A19103F-16F7-4668-BE54-9A1E7A4F7556}") = "RetailTrade.LoadingPanelControl", "RetailTrade.LoadingPanelControl\RetailTrade.LoadingPanelControl.csproj", "{31F0ACA4-5A51-4269-884B-0CA9CAF7E1B8}"
EndProject
Project("{9A19103F-16F7-4668-BE54-9A1E7A4F7556}") = "RetailTrade.SQLServerConnectionDialog", "RetailTrade.SQLServerConnectionDialog\RetailTrade.SQLServerConnectionDialog.csproj", "{BE032DA3-FA8D-41A7-8C55-A3589DED0126}"
EndProject
Project("{9A19103F-16F7-4668-BE54-9A1E7A4F7556}") = "RetailTrade.Barcode", "RetailTrade.Barcode\RetailTrade.Barcode.csproj", "{88640049-20CF-49F8-905C-2FA7121B6A2C}"
EndProject
Project("{FAE04EC0-301F-11D3-BF4B-00C04F79EFBC}") = "RetailTrade.POS", "RetailTrade.POS\RetailTrade.POS.csproj", "{C724789E-F7CD-4C7E-97C5-1AD7B9F48837}"
EndProject
Global
	GlobalSection(SolutionConfigurationPlatforms) = preSolution
		Debug|Any CPU = Debug|Any CPU
		Release|Any CPU = Release|Any CPU
	EndGlobalSection
	GlobalSection(ProjectConfigurationPlatforms) = postSolution
		{4A12F857-8E1C-4C44-A132-FBE08C68E5E3}.Debug|Any CPU.ActiveCfg = Debug|Any CPU
		{4A12F857-8E1C-4C44-A132-FBE08C68E5E3}.Debug|Any CPU.Build.0 = Debug|Any CPU
		{4A12F857-8E1C-4C44-A132-FBE08C68E5E3}.Release|Any CPU.ActiveCfg = Release|Any CPU
		{4A12F857-8E1C-4C44-A132-FBE08C68E5E3}.Release|Any CPU.Build.0 = Release|Any CPU
		{27C5BAC2-F917-4E1D-9D49-21B85988B2FE}.Debug|Any CPU.ActiveCfg = Debug|Any CPU
		{27C5BAC2-F917-4E1D-9D49-21B85988B2FE}.Debug|Any CPU.Build.0 = Debug|Any CPU
		{27C5BAC2-F917-4E1D-9D49-21B85988B2FE}.Release|Any CPU.ActiveCfg = Release|Any CPU
		{27C5BAC2-F917-4E1D-9D49-21B85988B2FE}.Release|Any CPU.Build.0 = Release|Any CPU
		{FC90E58D-E250-496C-AA7C-7625A9FF7AF1}.Debug|Any CPU.ActiveCfg = Debug|Any CPU
		{FC90E58D-E250-496C-AA7C-7625A9FF7AF1}.Debug|Any CPU.Build.0 = Debug|Any CPU
		{FC90E58D-E250-496C-AA7C-7625A9FF7AF1}.Release|Any CPU.ActiveCfg = Release|Any CPU
		{FC90E58D-E250-496C-AA7C-7625A9FF7AF1}.Release|Any CPU.Build.0 = Release|Any CPU
		{62502428-81B0-4FEE-A0AE-8C4F349A64C3}.Debug|Any CPU.ActiveCfg = Debug|Any CPU
		{62502428-81B0-4FEE-A0AE-8C4F349A64C3}.Debug|Any CPU.Build.0 = Debug|Any CPU
		{62502428-81B0-4FEE-A0AE-8C4F349A64C3}.Release|Any CPU.ActiveCfg = Release|Any CPU
		{62502428-81B0-4FEE-A0AE-8C4F349A64C3}.Release|Any CPU.Build.0 = Release|Any CPU
		{AC188347-A244-498D-94E9-3E573520AA73}.Debug|Any CPU.ActiveCfg = Debug|Any CPU
		{AC188347-A244-498D-94E9-3E573520AA73}.Debug|Any CPU.Build.0 = Debug|Any CPU
		{AC188347-A244-498D-94E9-3E573520AA73}.Release|Any CPU.ActiveCfg = Release|Any CPU
		{AC188347-A244-498D-94E9-3E573520AA73}.Release|Any CPU.Build.0 = Release|Any CPU
		{31F0ACA4-5A51-4269-884B-0CA9CAF7E1B8}.Debug|Any CPU.ActiveCfg = Debug|Any CPU
		{31F0ACA4-5A51-4269-884B-0CA9CAF7E1B8}.Debug|Any CPU.Build.0 = Debug|Any CPU
		{31F0ACA4-5A51-4269-884B-0CA9CAF7E1B8}.Release|Any CPU.ActiveCfg = Release|Any CPU
		{31F0ACA4-5A51-4269-884B-0CA9CAF7E1B8}.Release|Any CPU.Build.0 = Release|Any CPU
		{BE032DA3-FA8D-41A7-8C55-A3589DED0126}.Debug|Any CPU.ActiveCfg = Debug|Any CPU
		{BE032DA3-FA8D-41A7-8C55-A3589DED0126}.Debug|Any CPU.Build.0 = Debug|Any CPU
		{BE032DA3-FA8D-41A7-8C55-A3589DED0126}.Release|Any CPU.ActiveCfg = Release|Any CPU
		{BE032DA3-FA8D-41A7-8C55-A3589DED0126}.Release|Any CPU.Build.0 = Release|Any CPU
		{88640049-20CF-49F8-905C-2FA7121B6A2C}.Debug|Any CPU.ActiveCfg = Debug|Any CPU
		{88640049-20CF-49F8-905C-2FA7121B6A2C}.Debug|Any CPU.Build.0 = Debug|Any CPU
		{88640049-20CF-49F8-905C-2FA7121B6A2C}.Release|Any CPU.ActiveCfg = Release|Any CPU
		{88640049-20CF-49F8-905C-2FA7121B6A2C}.Release|Any CPU.Build.0 = Release|Any CPU
		{C724789E-F7CD-4C7E-97C5-1AD7B9F48837}.Debug|Any CPU.ActiveCfg = Debug|Any CPU
		{C724789E-F7CD-4C7E-97C5-1AD7B9F48837}.Debug|Any CPU.Build.0 = Debug|Any CPU
		{C724789E-F7CD-4C7E-97C5-1AD7B9F48837}.Release|Any CPU.ActiveCfg = Release|Any CPU
		{C724789E-F7CD-4C7E-97C5-1AD7B9F48837}.Release|Any CPU.Build.0 = Release|Any CPU
	EndGlobalSection
	GlobalSection(SolutionProperties) = preSolution
		HideSolutionNode = FALSE
	EndGlobalSection
	GlobalSection(ExtensibilityGlobals) = postSolution
		BuildVersion_StartDate = 2000/1/1
		SolutionGuid = {1B5BED5D-604D-4352-A831-4FDEE07951CB}
	EndGlobalSection
EndGlobal
